
Microsoft Visual Studio Solution File, Format Version 12.00
# Visual Studio Version 17
VisualStudioVersion = 17.5.33414.496
MinimumVisualStudioVersion = 10.0.40219.1
Project("{FAE04EC0-301F-11D3-BF4B-00C04F79EFBC}") = "Mi Primer Programa", "Mi Primer Programa\Mi Primer Programa.csproj", "{98510FF2-6B35-4CB5-8221-6F9D11284845}"
EndProject
Global
	GlobalSection(SolutionConfigurationPlatforms) = preSolution
		Debug|Any CPU = Debug|Any CPU
		Release|Any CPU = Release|Any CPU
	EndGlobalSection
	GlobalSection(ProjectConfigurationPlatforms) = postSolution
		{98510FF2-6B35-4CB5-8221-6F9D11284845}.Debug|Any CPU.ActiveCfg = Debug|Any CPU
		{98510FF2-6B35-4CB5-8221-6F9D11284845}.Debug|Any CPU.Build.0 = Debug|Any CPU
		{98510FF2-6B35-4CB5-8221-6F9D11284845}.Release|Any CPU.ActiveCfg = Release|Any CPU
		{98510FF2-6B35-4CB5-8221-6F9D11284845}.Release|Any CPU.Build.0 = Release|Any CPU
	EndGlobalSection
	GlobalSection(SolutionProperties) = preSolution
		HideSolutionNode = FALSE
	EndGlobalSection
	GlobalSection(ExtensibilityGlobals) = postSolution
		SolutionGuid = {066CE122-B028-4A6E-A5BC-C9DF952F77CD}
	EndGlobalSection
EndGlobal
