
Microsoft Visual Studio Solution File, Format Version 12.00
# Visual Studio Version 17
VisualStudioVersion = 17.5.33414.496
MinimumVisualStudioVersion = 10.0.40219.1
Project("{FAE04EC0-301F-11D3-BF4B-00C04F79EFBC}") = "Using", "Using\Using.csproj", "{DECADEDC-5D92-4838-9904-AEED519F9B87}"
EndProject
Global
	GlobalSection(SolutionConfigurationPlatforms) = preSolution
		Debug|Any CPU = Debug|Any CPU
		Release|Any CPU = Release|Any CPU
	EndGlobalSection
	GlobalSection(ProjectConfigurationPlatforms) = postSolution
		{DECADEDC-5D92-4838-9904-AEED519F9B87}.Debug|Any CPU.ActiveCfg = Debug|Any CPU
		{DECADEDC-5D92-4838-9904-AEED519F9B87}.Debug|Any CPU.Build.0 = Debug|Any CPU
		{DECADEDC-5D92-4838-9904-AEED519F9B87}.Release|Any CPU.ActiveCfg = Release|Any CPU
		{DECADEDC-5D92-4838-9904-AEED519F9B87}.Release|Any CPU.Build.0 = Release|Any CPU
	EndGlobalSection
	GlobalSection(SolutionProperties) = preSolution
		HideSolutionNode = FALSE
	EndGlobalSection
	GlobalSection(ExtensibilityGlobals) = postSolution
		SolutionGuid = {08833A98-3160-469B-8475-9233A073C2EB}
	EndGlobalSection
EndGlobal
